
Microsoft Visual Studio Solution File, Format Version 12.00
# Visual Studio Version 17
VisualStudioVersion = 17.11.35312.102
MinimumVisualStudioVersion = 10.0.40219.1
Project("{FAE04EC0-301F-11D3-BF4B-00C04F79EFBC}") = "popovzad2.1", "popovzad2.1\popovzad2.1.csproj", "{01BA6BA8-1673-4B2F-BC8F-B136F23E99AE}"
EndProject
Global
	GlobalSection(SolutionConfigurationPlatforms) = preSolution
		Debug|Any CPU = Debug|Any CPU
		Release|Any CPU = Release|Any CPU
	EndGlobalSection
	GlobalSection(ProjectConfigurationPlatforms) = postSolution
		{01BA6BA8-1673-4B2F-BC8F-B136F23E99AE}.Debug|Any CPU.ActiveCfg = Debug|Any CPU
		{01BA6BA8-1673-4B2F-BC8F-B136F23E99AE}.Debug|Any CPU.Build.0 = Debug|Any CPU
		{01BA6BA8-1673-4B2F-BC8F-B136F23E99AE}.Release|Any CPU.ActiveCfg = Release|Any CPU
		{01BA6BA8-1673-4B2F-BC8F-B136F23E99AE}.Release|Any CPU.Build.0 = Release|Any CPU
	EndGlobalSection
	GlobalSection(SolutionProperties) = preSolution
		HideSolutionNode = FALSE
	EndGlobalSection
	GlobalSection(ExtensibilityGlobals) = postSolution
		SolutionGuid = {3B239609-E6EE-45B5-9E44-6BE78275FD12}
	EndGlobalSection
EndGlobal
