
Microsoft Visual Studio Solution File, Format Version 12.00
# Visual Studio Version 17
VisualStudioVersion = 17.11.35312.102
MinimumVisualStudioVersion = 10.0.40219.1
Project("{FAE04EC0-301F-11D3-BF4B-00C04F79EFBC}") = "popov_zad5_1", "popov_zad5_1\popov_zad5_1.csproj", "{A59300B1-466F-4DEB-B99A-8640B13979E9}"
EndProject
Global
	GlobalSection(SolutionConfigurationPlatforms) = preSolution
		Debug|Any CPU = Debug|Any CPU
		Release|Any CPU = Release|Any CPU
	EndGlobalSection
	GlobalSection(ProjectConfigurationPlatforms) = postSolution
		{A59300B1-466F-4DEB-B99A-8640B13979E9}.Debug|Any CPU.ActiveCfg = Debug|Any CPU
		{A59300B1-466F-4DEB-B99A-8640B13979E9}.Debug|Any CPU.Build.0 = Debug|Any CPU
		{A59300B1-466F-4DEB-B99A-8640B13979E9}.Release|Any CPU.ActiveCfg = Release|Any CPU
		{A59300B1-466F-4DEB-B99A-8640B13979E9}.Release|Any CPU.Build.0 = Release|Any CPU
	EndGlobalSection
	GlobalSection(SolutionProperties) = preSolution
		HideSolutionNode = FALSE
	EndGlobalSection
	GlobalSection(ExtensibilityGlobals) = postSolution
		SolutionGuid = {20E5BFD2-F422-4BD6-B760-8C70C882C70D}
	EndGlobalSection
EndGlobal
