
Microsoft Visual Studio Solution File, Format Version 12.00
# Visual Studio Version 17
VisualStudioVersion = 17.11.35312.102
MinimumVisualStudioVersion = 10.0.40219.1
Project("{FAE04EC0-301F-11D3-BF4B-00C04F79EFBC}") = "popovzad2.3", "popovzad2.3\popovzad2.3.csproj", "{EB0F9660-A655-42A7-9DD4-578B1A546274}"
EndProject
Global
	GlobalSection(SolutionConfigurationPlatforms) = preSolution
		Debug|Any CPU = Debug|Any CPU
		Release|Any CPU = Release|Any CPU
	EndGlobalSection
	GlobalSection(ProjectConfigurationPlatforms) = postSolution
		{EB0F9660-A655-42A7-9DD4-578B1A546274}.Debug|Any CPU.ActiveCfg = Debug|Any CPU
		{EB0F9660-A655-42A7-9DD4-578B1A546274}.Debug|Any CPU.Build.0 = Debug|Any CPU
		{EB0F9660-A655-42A7-9DD4-578B1A546274}.Release|Any CPU.ActiveCfg = Release|Any CPU
		{EB0F9660-A655-42A7-9DD4-578B1A546274}.Release|Any CPU.Build.0 = Release|Any CPU
	EndGlobalSection
	GlobalSection(SolutionProperties) = preSolution
		HideSolutionNode = FALSE
	EndGlobalSection
	GlobalSection(ExtensibilityGlobals) = postSolution
		SolutionGuid = {631F1111-C0B8-4484-9832-4726B641C0E4}
	EndGlobalSection
EndGlobal
