
Microsoft Visual Studio Solution File, Format Version 12.00
# Visual Studio Version 17
VisualStudioVersion = 17.11.35312.102
MinimumVisualStudioVersion = 10.0.40219.1
Project("{FAE04EC0-301F-11D3-BF4B-00C04F79EFBC}") = "popov_zad5_2", "popov_zad5_2\popov_zad5_2.csproj", "{0FDEBE66-9B5B-44E7-BF40-0A59374A0DD2}"
EndProject
Global
	GlobalSection(SolutionConfigurationPlatforms) = preSolution
		Debug|Any CPU = Debug|Any CPU
		Release|Any CPU = Release|Any CPU
	EndGlobalSection
	GlobalSection(ProjectConfigurationPlatforms) = postSolution
		{0FDEBE66-9B5B-44E7-BF40-0A59374A0DD2}.Debug|Any CPU.ActiveCfg = Debug|Any CPU
		{0FDEBE66-9B5B-44E7-BF40-0A59374A0DD2}.Debug|Any CPU.Build.0 = Debug|Any CPU
		{0FDEBE66-9B5B-44E7-BF40-0A59374A0DD2}.Release|Any CPU.ActiveCfg = Release|Any CPU
		{0FDEBE66-9B5B-44E7-BF40-0A59374A0DD2}.Release|Any CPU.Build.0 = Release|Any CPU
	EndGlobalSection
	GlobalSection(SolutionProperties) = preSolution
		HideSolutionNode = FALSE
	EndGlobalSection
	GlobalSection(ExtensibilityGlobals) = postSolution
		SolutionGuid = {E71B6CFD-F9CB-430D-81C9-235EF66C03E5}
	EndGlobalSection
EndGlobal
