
Microsoft Visual Studio Solution File, Format Version 12.00
# Visual Studio Version 17
VisualStudioVersion = 17.11.35312.102
MinimumVisualStudioVersion = 10.0.40219.1
Project("{FAE04EC0-301F-11D3-BF4B-00C04F79EFBC}") = "popov_zad6", "popov_zad6\popov_zad6.csproj", "{92176194-5645-4978-B2B1-8A35D154F0C3}"
EndProject
Global
	GlobalSection(SolutionConfigurationPlatforms) = preSolution
		Debug|Any CPU = Debug|Any CPU
		Release|Any CPU = Release|Any CPU
	EndGlobalSection
	GlobalSection(ProjectConfigurationPlatforms) = postSolution
		{92176194-5645-4978-B2B1-8A35D154F0C3}.Debug|Any CPU.ActiveCfg = Debug|Any CPU
		{92176194-5645-4978-B2B1-8A35D154F0C3}.Debug|Any CPU.Build.0 = Debug|Any CPU
		{92176194-5645-4978-B2B1-8A35D154F0C3}.Release|Any CPU.ActiveCfg = Release|Any CPU
		{92176194-5645-4978-B2B1-8A35D154F0C3}.Release|Any CPU.Build.0 = Release|Any CPU
	EndGlobalSection
	GlobalSection(SolutionProperties) = preSolution
		HideSolutionNode = FALSE
	EndGlobalSection
	GlobalSection(ExtensibilityGlobals) = postSolution
		SolutionGuid = {5473B294-7CB4-4517-B038-913E584CFDE3}
	EndGlobalSection
EndGlobal
